// !$*UTF8*$!
{
	archiveVersion = 1;
	classes = {
	};
	objectVersion = 56;
	objects = {

/* Begin PBXBuildFile section */
		04AF19D02C5A6CEA009BE567 /* AppDelegate.swift in Sources */ = {isa = PBXBuildFile; fileRef = 04AF19CF2C5A6CEA009BE567 /* AppDelegate.swift */; };
		04AF19D22C5A6CEA009BE567 /* SceneDelegate.swift in Sources */ = {isa = PBXBuildFile; fileRef = 04AF19D12C5A6CEA009BE567 /* SceneDelegate.swift */; };
		04AF19D42C5A6CEA009BE567 /* ViewController.swift in Sources */ = {isa = PBXBuildFile; fileRef = 04AF19D32C5A6CEA009BE567 /* ViewController.swift */; };
		04AF19D72C5A6CEA009BE567 /* Base in Resources */ = {isa = PBXBuildFile; fileRef = 04AF19D62C5A6CEA009BE567 /* Base */; };
		04AF19D92C5A6CEC009BE567 /* Assets.xcassets in Resources */ = {isa = PBXBuildFile; fileRef = 04AF19D82C5A6CEC009BE567 /* Assets.xcassets */; };
		04AF19DC2C5A6CEC009BE567 /* Base in Resources */ = {isa = PBXBuildFile; fileRef = 04AF19DB2C5A6CEC009BE567 /* Base */; };
		04AF19E72C5A6CED009BE567 /* CadenceTestTests.swift in Sources */ = {isa = PBXBuildFile; fileRef = 04AF19E62C5A6CED009BE567 /* CadenceTestTests.swift */; };
		04AF19F12C5A6CED009BE567 /* CadenceTestUITests.swift in Sources */ = {isa = PBXBuildFile; fileRef = 04AF19F02C5A6CED009BE567 /* CadenceTestUITests.swift */; };
		04AF19F32C5A6CED009BE567 /* CadenceTestUITestsLaunchTests.swift in Sources */ = {isa = PBXBuildFile; fileRef = 04AF19F22C5A6CED009BE567 /* CadenceTestUITestsLaunchTests.swift */; };
		04AF1A002C5A6DF9009BE567 /* BLEManager.swift in Sources */ = {isa = PBXBuildFile; fileRef = 04AF19FF2C5A6DF9009BE567 /* BLEManager.swift */; };
/* End PBXBuildFile section */

/* Begin PBXContainerItemProxy section */
		04AF19E32C5A6CED009BE567 /* PBXContainerItemProxy */ = {
			isa = PBXContainerItemProxy;
			containerPortal = 04AF19C42C5A6CEA009BE567 /* Project object */;
			proxyType = 1;
			remoteGlobalIDString = 04AF19CB2C5A6CEA009BE567;
			remoteInfo = CadenceTest;
		};
		04AF19ED2C5A6CED009BE567 /* PBXContainerItemProxy */ = {
			isa = PBXContainerItemProxy;
			containerPortal = 04AF19C42C5A6CEA009BE567 /* Project object */;
			proxyType = 1;
			remoteGlobalIDString = 04AF19CB2C5A6CEA009BE567;
			remoteInfo = CadenceTest;
		};
/* End PBXContainerItemProxy section */

/* Begin PBXFileReference section */
		04AF19CC2C5A6CEA009BE567 /* CadenceTest.app */ = {isa = PBXFileReference; explicitFileType = wrapper.application; includeInIndex = 0; path = CadenceTest.app; sourceTree = BUILT_PRODUCTS_DIR; };
		04AF19CF2C5A6CEA009BE567 /* AppDelegate.swift */ = {isa = PBXFileReference; lastKnownFileType = sourcecode.swift; path = AppDelegate.swift; sourceTree = "<group>"; };
		04AF19D12C5A6CEA009BE567 /* SceneDelegate.swift */ = {isa = PBXFileReference; lastKnownFileType = sourcecode.swift; path = SceneDelegate.swift; sourceTree = "<group>"; };
		04AF19D32C5A6CEA009BE567 /* ViewController.swift */ = {isa = PBXFileReference; lastKnownFileType = sourcecode.swift; path = ViewController.swift; sourceTree = "<group>"; };
		04AF19D62C5A6CEA009BE567 /* Base */ = {isa = PBXFileReference; lastKnownFileType = file.storyboard; name = Base; path = Base.lproj/Main.storyboard; sourceTree = "<group>"; };
		04AF19D82C5A6CEC009BE567 /* Assets.xcassets */ = {isa = PBXFileReference; lastKnownFileType = folder.assetcatalog; path = Assets.xcassets; sourceTree = "<group>"; };
		04AF19DB2C5A6CEC009BE567 /* Base */ = {isa = PBXFileReference; lastKnownFileType = file.storyboard; name = Base; path = Base.lproj/LaunchScreen.storyboard; sourceTree = "<group>"; };
		04AF19DD2C5A6CEC009BE567 /* Info.plist */ = {isa = PBXFileReference; lastKnownFileType = text.plist.xml; path = Info.plist; sourceTree = "<group>"; };
		04AF19E22C5A6CED009BE567 /* CadenceTestTests.xctest */ = {isa = PBXFileReference; explicitFileType = wrapper.cfbundle; includeInIndex = 0; path = CadenceTestTests.xctest; sourceTree = BUILT_PRODUCTS_DIR; };
		04AF19E62C5A6CED009BE567 /* CadenceTestTests.swift */ = {isa = PBXFileReference; lastKnownFileType = sourcecode.swift; path = CadenceTestTests.swift; sourceTree = "<group>"; };
		04AF19EC2C5A6CED009BE567 /* CadenceTestUITests.xctest */ = {isa = PBXFileReference; explicitFileType = wrapper.cfbundle; includeInIndex = 0; path = CadenceTestUITests.xctest; sourceTree = BUILT_PRODUCTS_DIR; };
		04AF19F02C5A6CED009BE567 /* CadenceTestUITests.swift */ = {isa = PBXFileReference; lastKnownFileType = sourcecode.swift; path = CadenceTestUITests.swift; sourceTree = "<group>"; };
		04AF19F22C5A6CED009BE567 /* CadenceTestUITestsLaunchTests.swift */ = {isa = PBXFileReference; lastKnownFileType = sourcecode.swift; path = CadenceTestUITestsLaunchTests.swift; sourceTree = "<group>"; };
		04AF19FF2C5A6DF9009BE567 /* BLEManager.swift */ = {isa = PBXFileReference; lastKnownFileType = sourcecode.swift; path = BLEManager.swift; sourceTree = "<group>"; };
/* End PBXFileReference section */

/* Begin PBXFrameworksBuildPhase section */
		04AF19C92C5A6CEA009BE567 /* Frameworks */ = {
			isa = PBXFrameworksBuildPhase;
			buildActionMask = 2147483647;
			files = (
			);
			runOnlyForDeploymentPostprocessing = 0;
		};
		04AF19DF2C5A6CED009BE567 /* Frameworks */ = {
			isa = PBXFrameworksBuildPhase;
			buildActionMask = 2147483647;
			files = (
			);
			runOnlyForDeploymentPostprocessing = 0;
		};
		04AF19E92C5A6CED009BE567 /* Frameworks */ = {
			isa = PBXFrameworksBuildPhase;
			buildActionMask = 2147483647;
			files = (
			);
			runOnlyForDeploymentPostprocessing = 0;
		};
/* End PBXFrameworksBuildPhase section */

/* Begin PBXGroup section */
		04AF19C32C5A6CEA009BE567 = {
			isa = PBXGroup;
			children = (
				04AF19CE2C5A6CEA009BE567 /* CadenceTest */,
				04AF19E52C5A6CED009BE567 /* CadenceTestTests */,
				04AF19EF2C5A6CED009BE567 /* CadenceTestUITests */,
				04AF19CD2C5A6CEA009BE567 /* Products */,
			);
			sourceTree = "<group>";
		};
		04AF19CD2C5A6CEA009BE567 /* Products */ = {
			isa = PBXGroup;
			children = (
				04AF19CC2C5A6CEA009BE567 /* CadenceTest.app */,
				04AF19E22C5A6CED009BE567 /* CadenceTestTests.xctest */,
				04AF19EC2C5A6CED009BE567 /* CadenceTestUITests.xctest */,
			);
			name = Products;
			sourceTree = "<group>";
		};
		04AF19CE2C5A6CEA009BE567 /* CadenceTest */ = {
			isa = PBXGroup;
			children = (
				04AF19CF2C5A6CEA009BE567 /* AppDelegate.swift */,
				04AF19D12C5A6CEA009BE567 /* SceneDelegate.swift */,
				04AF19D32C5A6CEA009BE567 /* ViewController.swift */,
				04AF19FF2C5A6DF9009BE567 /* BLEManager.swift */,
				04AF19D52C5A6CEA009BE567 /* Main.storyboard */,
				04AF19D82C5A6CEC009BE567 /* Assets.xcassets */,
				04AF19DA2C5A6CEC009BE567 /* LaunchScreen.storyboard */,
				04AF19DD2C5A6CEC009BE567 /* Info.plist */,
			);
			path = CadenceTest;
			sourceTree = "<group>";
		};
		04AF19E52C5A6CED009BE567 /* CadenceTestTests */ = {
			isa = PBXGroup;
			children = (
				04AF19E62C5A6CED009BE567 /* CadenceTestTests.swift */,
			);
			path = CadenceTestTests;
			sourceTree = "<group>";
		};
		04AF19EF2C5A6CED009BE567 /* CadenceTestUITests */ = {
			isa = PBXGroup;
			children = (
				04AF19F02C5A6CED009BE567 /* CadenceTestUITests.swift */,
				04AF19F22C5A6CED009BE567 /* CadenceTestUITestsLaunchTests.swift */,
			);
			path = CadenceTestUITests;
			sourceTree = "<group>";
		};
/* End PBXGroup section */

/* Begin PBXNativeTarget section */
		04AF19CB2C5A6CEA009BE567 /* CadenceTest */ = {
			isa = PBXNativeTarget;
			buildConfigurationList = 04AF19F62C5A6CED009BE567 /* Build configuration list for PBXNativeTarget "CadenceTest" */;
			buildPhases = (
				04AF19C82C5A6CEA009BE567 /* Sources */,
				04AF19C92C5A6CEA009BE567 /* Frameworks */,
				04AF19CA2C5A6CEA009BE567 /* Resources */,
			);
			buildRules = (
			);
			dependencies = (
			);
			name = CadenceTest;
			productName = CadenceTest;
			productReference = 04AF19CC2C5A6CEA009BE567 /* CadenceTest.app */;
			productType = "com.apple.product-type.application";
		};
		04AF19E12C5A6CED009BE567 /* CadenceTestTests */ = {
			isa = PBXNativeTarget;
			buildConfigurationList = 04AF19F92C5A6CED009BE567 /* Build configuration list for PBXNativeTarget "CadenceTestTests" */;
			buildPhases = (
				04AF19DE2C5A6CED009BE567 /* Sources */,
				04AF19DF2C5A6CED009BE567 /* Frameworks */,
				04AF19E02C5A6CED009BE567 /* Resources */,
			);
			buildRules = (
			);
			dependencies = (
				04AF19E42C5A6CED009BE567 /* PBXTargetDependency */,
			);
			name = CadenceTestTests;
			productName = CadenceTestTests;
			productReference = 04AF19E22C5A6CED009BE567 /* CadenceTestTests.xctest */;
			productType = "com.apple.product-type.bundle.unit-test";
		};
		04AF19EB2C5A6CED009BE567 /* CadenceTestUITests */ = {
			isa = PBXNativeTarget;
			buildConfigurationList = 04AF19FC2C5A6CED009BE567 /* Build configuration list for PBXNativeTarget "CadenceTestUITests" */;
			buildPhases = (
				04AF19E82C5A6CED009BE567 /* Sources */,
				04AF19E92C5A6CED009BE567 /* Frameworks */,
				04AF19EA2C5A6CED009BE567 /* Resources */,
			);
			buildRules = (
			);
			dependencies = (
				04AF19EE2C5A6CED009BE567 /* PBXTargetDependency */,
			);
			name = CadenceTestUITests;
			productName = CadenceTestUITests;
			productReference = 04AF19EC2C5A6CED009BE567 /* CadenceTestUITests.xctest */;
			productType = "com.apple.product-type.bundle.ui-testing";
		};
/* End PBXNativeTarget section */

/* Begin PBXProject section */
		04AF19C42C5A6CEA009BE567 /* Project object */ = {
			isa = PBXProject;
			attributes = {
				BuildIndependentTargetsInParallel = 1;
				LastSwiftUpdateCheck = 1540;
				LastUpgradeCheck = 1540;
				TargetAttributes = {
					04AF19CB2C5A6CEA009BE567 = {
						CreatedOnToolsVersion = 15.4;
					};
					04AF19E12C5A6CED009BE567 = {
						CreatedOnToolsVersion = 15.4;
						TestTargetID = 04AF19CB2C5A6CEA009BE567;
					};
					04AF19EB2C5A6CED009BE567 = {
						CreatedOnToolsVersion = 15.4;
						TestTargetID = 04AF19CB2C5A6CEA009BE567;
					};
				};
			};
			buildConfigurationList = 04AF19C72C5A6CEA009BE567 /* Build configuration list for PBXProject "CadenceTest" */;
			compatibilityVersion = "Xcode 14.0";
			developmentRegion = en;
			hasScannedForEncodings = 0;
			knownRegions = (
				en,
				Base,
			);
			mainGroup = 04AF19C32C5A6CEA009BE567;
			packageReferences = (
			);
			productRefGroup = 04AF19CD2C5A6CEA009BE567 /* Products */;
			projectDirPath = "";
			projectRoot = "";
			targets = (
				04AF19CB2C5A6CEA009BE567 /* CadenceTest */,
				04AF19E12C5A6CED009BE567 /* CadenceTestTests */,
				04AF19EB2C5A6CED009BE567 /* CadenceTestUITests */,
			);
		};
/* End PBXProject section */

/* Begin PBXResourcesBuildPhase section */
		04AF19CA2C5A6CEA009BE567 /* Resources */ = {
			isa = PBXResourcesBuildPhase;
			buildActionMask = 2147483647;
			files = (
				04AF19D92C5A6CEC009BE567 /* Assets.xcassets in Resources */,
				04AF19DC2C5A6CEC009BE567 /* Base in Resources */,
				04AF19D72C5A6CEA009BE567 /* Base in Resources */,
			);
			runOnlyForDeploymentPostprocessing = 0;
		};
		04AF19E02C5A6CED009BE567 /* Resources */ = {
			isa = PBXResourcesBuildPhase;
			buildActionMask = 2147483647;
			files = (
			);
			runOnlyForDeploymentPostprocessing = 0;
		};
		04AF19EA2C5A6CED009BE567 /* Resources */ = {
			isa = PBXResourcesBuildPhase;
			buildActionMask = 2147483647;
			files = (
			);
			runOnlyForDeploymentPostprocessing = 0;
		};
/* End PBXResourcesBuildPhase section */

/* Begin PBXSourcesBuildPhase section */
		04AF19C82C5A6CEA009BE567 /* Sources */ = {
			isa = PBXSourcesBuildPhase;
			buildActionMask = 2147483647;
			files = (
				04AF19D42C5A6CEA009BE567 /* ViewController.swift in Sources */,
				04AF1A002C5A6DF9009BE567 /* BLEManager.swift in Sources */,
				04AF19D02C5A6CEA009BE567 /* AppDelegate.swift in Sources */,
				04AF19D22C5A6CEA009BE567 /* SceneDelegate.swift in Sources */,
			);
			runOnlyForDeploymentPostprocessing = 0;
		};
		04AF19DE2C5A6CED009BE567 /* Sources */ = {
			isa = PBXSourcesBuildPhase;
			buildActionMask = 2147483647;
			files = (
				04AF19E72C5A6CED009BE567 /* CadenceTestTests.swift in Sources */,
			);
			runOnlyForDeploymentPostprocessing = 0;
		};
		04AF19E82C5A6CED009BE567 /* Sources */ = {
			isa = PBXSourcesBuildPhase;
			buildActionMask = 2147483647;
			files = (
				04AF19F32C5A6CED009BE567 /* CadenceTestUITestsLaunchTests.swift in Sources */,
				04AF19F12C5A6CED009BE567 /* CadenceTestUITests.swift in Sources */,
			);
			runOnlyForDeploymentPostprocessing = 0;
		};
/* End PBXSourcesBuildPhase section */

/* Begin PBXTargetDependency section */
		04AF19E42C5A6CED009BE567 /* PBXTargetDependency */ = {
			isa = PBXTargetDependency;
			target = 04AF19CB2C5A6CEA009BE567 /* CadenceTest */;
			targetProxy = 04AF19E32C5A6CED009BE567 /* PBXContainerItemProxy */;
		};
		04AF19EE2C5A6CED009BE567 /* PBXTargetDependency */ = {
			isa = PBXTargetDependency;
			target = 04AF19CB2C5A6CEA009BE567 /* CadenceTest */;
			targetProxy = 04AF19ED2C5A6CED009BE567 /* PBXContainerItemProxy */;
		};
/* End PBXTargetDependency section */

/* Begin PBXVariantGroup section */
		04AF19D52C5A6CEA009BE567 /* Main.storyboard */ = {
			isa = PBXVariantGroup;
			children = (
				04AF19D62C5A6CEA009BE567 /* Base */,
			);
			name = Main.storyboard;
			sourceTree = "<group>";
		};
		04AF19DA2C5A6CEC009BE567 /* LaunchScreen.storyboard */ = {
			isa = PBXVariantGroup;
			children = (
				04AF19DB2C5A6CEC009BE567 /* Base */,
			);
			name = LaunchScreen.storyboard;
			sourceTree = "<group>";
		};
/* End PBXVariantGroup section */

/* Begin XCBuildConfiguration section */
		04AF19F42C5A6CED009BE567 /* Debug */ = {
			isa = XCBuildConfiguration;
			buildSettings = {
				ALWAYS_SEARCH_USER_PATHS = NO;
				ASSETCATALOG_COMPILER_GENERATE_SWIFT_ASSET_SYMBOL_EXTENSIONS = YES;
				CLANG_ANALYZER_NONNULL = YES;
				CLANG_ANALYZER_NUMBER_OBJECT_CONVERSION = YES_AGGRESSIVE;
				CLANG_CXX_LANGUAGE_STANDARD = "gnu++20";
				CLANG_ENABLE_MODULES = YES;
				CLANG_ENABLE_OBJC_ARC = YES;
				CLANG_ENABLE_OBJC_WEAK = YES;
				CLANG_WARN_BLOCK_CAPTURE_AUTORELEASING = YES;
				CLANG_WARN_BOOL_CONVERSION = YES;
				CLANG_WARN_COMMA = YES;
				CLANG_WARN_CONSTANT_CONVERSION = YES;
				CLANG_WARN_DEPRECATED_OBJC_IMPLEMENTATIONS = YES;
				CLANG_WARN_DIRECT_OBJC_ISA_USAGE = YES_ERROR;
				CLANG_WARN_DOCUMENTATION_COMMENTS = YES;
				CLANG_WARN_EMPTY_BODY = YES;
				CLANG_WARN_ENUM_CONVERSION = YES;
				CLANG_WARN_INFINITE_RECURSION = YES;
				CLANG_WARN_INT_CONVERSION = YES;
				CLANG_WARN_NON_LITERAL_NULL_CONVERSION = YES;
				CLANG_WARN_OBJC_IMPLICIT_RETAIN_SELF = YES;
				CLANG_WARN_OBJC_LITERAL_CONVERSION = YES;
				CLANG_WARN_OBJC_ROOT_CLASS = YES_ERROR;
				CLANG_WARN_QUOTED_INCLUDE_IN_FRAMEWORK_HEADER = YES;
				CLANG_WARN_RANGE_LOOP_ANALYSIS = YES;
				CLANG_WARN_STRICT_PROTOTYPES = YES;
				CLANG_WARN_SUSPICIOUS_MOVE = YES;
				CLANG_WARN_UNGUARDED_AVAILABILITY = YES_AGGRESSIVE;
				CLANG_WARN_UNREACHABLE_CODE = YES;
				CLANG_WARN__DUPLICATE_METHOD_MATCH = YES;
				COPY_PHASE_STRIP = NO;
				DEBUG_INFORMATION_FORMAT = dwarf;
				ENABLE_STRICT_OBJC_MSGSEND = YES;
				ENABLE_TESTABILITY = YES;
				ENABLE_USER_SCRIPT_SANDBOXING = YES;
				GCC_C_LANGUAGE_STANDARD = gnu17;
				GCC_DYNAMIC_NO_PIC = NO;
				GCC_NO_COMMON_BLOCKS = YES;
				GCC_OPTIMIZATION_LEVEL = 0;
				GCC_PREPROCESSOR_DEFINITIONS = (
					"DEBUG=1",
					"$(inherited)",
				);
				GCC_WARN_64_TO_32_BIT_CONVERSION = YES;
				GCC_WARN_ABOUT_RETURN_TYPE = YES_ERROR;
				GCC_WARN_UNDECLARED_SELECTOR = YES;
				GCC_WARN_UNINITIALIZED_AUTOS = YES_AGGRESSIVE;
				GCC_WARN_UNUSED_FUNCTION = YES;
				GCC_WARN_UNUSED_VARIABLE = YES;
				IPHONEOS_DEPLOYMENT_TARGET = 17.5;
				LOCALIZATION_PREFERS_STRING_CATALOGS = YES;
				MTL_ENABLE_DEBUG_INFO = INCLUDE_SOURCE;
				MTL_FAST_MATH = YES;
				ONLY_ACTIVE_ARCH = YES;
				SDKROOT = iphoneos;
				SWIFT_ACTIVE_COMPILATION_CONDITIONS = "DEBUG $(inherited)";
				SWIFT_OPTIMIZATION_LEVEL = "-Onone";
			};
			name = Debug;
		};
		04AF19F52C5A6CED009BE567 /* Release */ = {
			isa = XCBuildConfiguration;
			buildSettings = {
				ALWAYS_SEARCH_USER_PATHS = NO;
				ASSETCATALOG_COMPILER_GENERATE_SWIFT_ASSET_SYMBOL_EXTENSIONS = YES;
				CLANG_ANALYZER_NONNULL = YES;
				CLANG_ANALYZER_NUMBER_OBJECT_CONVERSION = YES_AGGRESSIVE;
				CLANG_CXX_LANGUAGE_STANDARD = "gnu++20";
				CLANG_ENABLE_MODULES = YES;
				CLANG_ENABLE_OBJC_ARC = YES;
				CLANG_ENABLE_OBJC_WEAK = YES;
				CLANG_WARN_BLOCK_CAPTURE_AUTORELEASING = YES;
				CLANG_WARN_BOOL_CONVERSION = YES;
				CLANG_WARN_COMMA = YES;
				CLANG_WARN_CONSTANT_CONVERSION = YES;
				CLANG_WARN_DEPRECATED_OBJC_IMPLEMENTATIONS = YES;
				CLANG_WARN_DIRECT_OBJC_ISA_USAGE = YES_ERROR;
				CLANG_WARN_DOCUMENTATION_COMMENTS = YES;
				CLANG_WARN_EMPTY_BODY = YES;
				CLANG_WARN_ENUM_CONVERSION = YES;
				CLANG_WARN_INFINITE_RECURSION = YES;
				CLANG_WARN_INT_CONVERSION = YES;
				CLANG_WARN_NON_LITERAL_NULL_CONVERSION = YES;
				CLANG_WARN_OBJC_IMPLICIT_RETAIN_SELF = YES;
				CLANG_WARN_OBJC_LITERAL_CONVERSION = YES;
				CLANG_WARN_OBJC_ROOT_CLASS = YES_ERROR;
				CLANG_WARN_QUOTED_INCLUDE_IN_FRAMEWORK_HEADER = YES;
				CLANG_WARN_RANGE_LOOP_ANALYSIS = YES;
				CLANG_WARN_STRICT_PROTOTYPES = YES;
				CLANG_WARN_SUSPICIOUS_MOVE = YES;
				CLANG_WARN_UNGUARDED_AVAILABILITY = YES_AGGRESSIVE;
				CLANG_WARN_UNREACHABLE_CODE = YES;
				CLANG_WARN__DUPLICATE_METHOD_MATCH = YES;
				COPY_PHASE_STRIP = NO;
				DEBUG_INFORMATION_FORMAT = "dwarf-with-dsym";
				ENABLE_NS_ASSERTIONS = NO;
				ENABLE_STRICT_OBJC_MSGSEND = YES;
				ENABLE_USER_SCRIPT_SANDBOXING = YES;
				GCC_C_LANGUAGE_STANDARD = gnu17;
				GCC_NO_COMMON_BLOCKS = YES;
				GCC_WARN_64_TO_32_BIT_CONVERSION = YES;
				GCC_WARN_ABOUT_RETURN_TYPE = YES_ERROR;
				GCC_WARN_UNDECLARED_SELECTOR = YES;
				GCC_WARN_UNINITIALIZED_AUTOS = YES_AGGRESSIVE;
				GCC_WARN_UNUSED_FUNCTION = YES;
				GCC_WARN_UNUSED_VARIABLE = YES;
				IPHONEOS_DEPLOYMENT_TARGET = 17.5;
				LOCALIZATION_PREFERS_STRING_CATALOGS = YES;
				MTL_ENABLE_DEBUG_INFO = NO;
				MTL_FAST_MATH = YES;
				SDKROOT = iphoneos;
				SWIFT_COMPILATION_MODE = wholemodule;
				VALIDATE_PRODUCT = YES;
			};
			name = Release;
		};
		04AF19F72C5A6CED009BE567 /* Debug */ = {
			isa = XCBuildConfiguration;
			buildSettings = {
				ASSETCATALOG_COMPILER_APPICON_NAME = AppIcon;
				ASSETCATALOG_COMPILER_GLOBAL_ACCENT_COLOR_NAME = AccentColor;
				CODE_SIGN_STYLE = Automatic;
				CURRENT_PROJECT_VERSION = 1;
				DEVELOPMENT_TEAM = VUW56J5QC2;
				GENERATE_INFOPLIST_FILE = YES;
				INFOPLIST_FILE = CadenceTest/Info.plist;
				INFOPLIST_KEY_NSBluetoothAlwaysUsageDescription = "블루투스사용권한";
				INFOPLIST_KEY_UIApplicationSupportsIndirectInputEvents = YES;
				INFOPLIST_KEY_UILaunchStoryboardName = LaunchScreen;
				INFOPLIST_KEY_UIMainStoryboardFile = Main;
				INFOPLIST_KEY_UISupportedInterfaceOrientations_iPad = "UIInterfaceOrientationPortrait UIInterfaceOrientationPortraitUpsideDown UIInterfaceOrientationLandscapeLeft UIInterfaceOrientationLandscapeRight";
				INFOPLIST_KEY_UISupportedInterfaceOrientations_iPhone = "UIInterfaceOrientationPortrait UIInterfaceOrientationLandscapeLeft UIInterfaceOrientationLandscapeRight";
				IPHONEOS_DEPLOYMENT_TARGET = 15.6;
				LD_RUNPATH_SEARCH_PATHS = (
					"$(inherited)",
					"@executable_path/Frameworks",
				);
				MARKETING_VERSION = 1.0;
				PRODUCT_BUNDLE_IDENTIFIER = com.SeongKook.CadenceTest;
				PRODUCT_NAME = "$(TARGET_NAME)";
				SWIFT_EMIT_LOC_STRINGS = YES;
				SWIFT_VERSION = 5.0;
				TARGETED_DEVICE_FAMILY = "1,2";
			};
			name = Debug;
		};
		04AF19F82C5A6CED009BE567 /* Release */ = {
			isa = XCBuildConfiguration;
			buildSettings = {
				ASSETCATALOG_COMPILER_APPICON_NAME = AppIcon;
				ASSETCATALOG_COMPILER_GLOBAL_ACCENT_COLOR_NAME = AccentColor;
				CODE_SIGN_STYLE = Automatic;
				CURRENT_PROJECT_VERSION = 1;
				DEVELOPMENT_TEAM = VUW56J5QC2;
				GENERATE_INFOPLIST_FILE = YES;
				INFOPLIST_FILE = CadenceTest/Info.plist;
				INFOPLIST_KEY_NSBluetoothAlwaysUsageDescription = "블루투스사용권한";
				INFOPLIST_KEY_UIApplicationSupportsIndirectInputEvents = YES;
				INFOPLIST_KEY_UILaunchStoryboardName = LaunchScreen;
				INFOPLIST_KEY_UIMainStoryboardFile = Main;
				INFOPLIST_KEY_UISupportedInterfaceOrientations_iPad = "UIInterfaceOrientationPortrait UIInterfaceOrientationPortraitUpsideDown UIInterfaceOrientationLandscapeLeft UIInterfaceOrientationLandscapeRight";
				INFOPLIST_KEY_UISupportedInterfaceOrientations_iPhone = "UIInterfaceOrientationPortrait UIInterfaceOrientationLandscapeLeft UIInterfaceOrientationLandscapeRight";
				IPHONEOS_DEPLOYMENT_TARGET = 15.6;
				LD_RUNPATH_SEARCH_PATHS = (
					"$(inherited)",
					"@executable_path/Frameworks",
				);
				MARKETING_VERSION = 1.0;
				PRODUCT_BUNDLE_IDENTIFIER = com.SeongKook.CadenceTest;
				PRODUCT_NAME = "$(TARGET_NAME)";
				SWIFT_EMIT_LOC_STRINGS = YES;
				SWIFT_VERSION = 5.0;
				TARGETED_DEVICE_FAMILY = "1,2";
			};
			name = Release;
		};
		04AF19FA2C5A6CED009BE567 /* Debug */ = {
			isa = XCBuildConfiguration;
			buildSettings = {
				ALWAYS_EMBED_SWIFT_STANDARD_LIBRARIES = YES;
				BUNDLE_LOADER = "$(TEST_HOST)";
				CODE_SIGN_STYLE = Automatic;
				CURRENT_PROJECT_VERSION = 1;
				DEVELOPMENT_TEAM = VUW56J5QC2;
				GENERATE_INFOPLIST_FILE = YES;
				IPHONEOS_DEPLOYMENT_TARGET = 17.5;
				MARKETING_VERSION = 1.0;
				PRODUCT_BUNDLE_IDENTIFIER = com.SeongKook.CadenceTestTests;
				PRODUCT_NAME = "$(TARGET_NAME)";
				SWIFT_EMIT_LOC_STRINGS = NO;
				SWIFT_VERSION = 5.0;
				TARGETED_DEVICE_FAMILY = "1,2";
				TEST_HOST = "$(BUILT_PRODUCTS_DIR)/CadenceTest.app/$(BUNDLE_EXECUTABLE_FOLDER_PATH)/CadenceTest";
			};
			name = Debug;
		};
		04AF19FB2C5A6CED009BE567 /* Release */ = {
			isa = XCBuildConfiguration;
			buildSettings = {
				ALWAYS_EMBED_SWIFT_STANDARD_LIBRARIES = YES;
				BUNDLE_LOADER = "$(TEST_HOST)";
				CODE_SIGN_STYLE = Automatic;
				CURRENT_PROJECT_VERSION = 1;
				DEVELOPMENT_TEAM = VUW56J5QC2;
				GENERATE_INFOPLIST_FILE = YES;
				IPHONEOS_DEPLOYMENT_TARGET = 17.5;
				MARKETING_VERSION = 1.0;
				PRODUCT_BUNDLE_IDENTIFIER = com.SeongKook.CadenceTestTests;
				PRODUCT_NAME = "$(TARGET_NAME)";
				SWIFT_EMIT_LOC_STRINGS = NO;
				SWIFT_VERSION = 5.0;
				TARGETED_DEVICE_FAMILY = "1,2";
				TEST_HOST = "$(BUILT_PRODUCTS_DIR)/CadenceTest.app/$(BUNDLE_EXECUTABLE_FOLDER_PATH)/CadenceTest";
			};
			name = Release;
		};
		04AF19FD2C5A6CED009BE567 /* Debug */ = {
			isa = XCBuildConfiguration;
			buildSettings = {
				ALWAYS_EMBED_SWIFT_STANDARD_LIBRARIES = YES;
				CODE_SIGN_STYLE = Automatic;
				CURRENT_PROJECT_VERSION = 1;
				DEVELOPMENT_TEAM = VUW56J5QC2;
				GENERATE_INFOPLIST_FILE = YES;
				MARKETING_VERSION = 1.0;
				PRODUCT_BUNDLE_IDENTIFIER = com.SeongKook.CadenceTestUITests;
				PRODUCT_NAME = "$(TARGET_NAME)";
				SWIFT_EMIT_LOC_STRINGS = NO;
				SWIFT_VERSION = 5.0;
				TARGETED_DEVICE_FAMILY = "1,2";
				TEST_TARGET_NAME = CadenceTest;
			};
			name = Debug;
		};
		04AF19FE2C5A6CED009BE567 /* Release */ = {
			isa = XCBuildConfiguration;
			buildSettings = {
				ALWAYS_EMBED_SWIFT_STANDARD_LIBRARIES = YES;
				CODE_SIGN_STYLE = Automatic;
				CURRENT_PROJECT_VERSION = 1;
				DEVELOPMENT_TEAM = VUW56J5QC2;
				GENERATE_INFOPLIST_FILE = YES;
				MARKETING_VERSION = 1.0;
				PRODUCT_BUNDLE_IDENTIFIER = com.SeongKook.CadenceTestUITests;
				PRODUCT_NAME = "$(TARGET_NAME)";
				SWIFT_EMIT_LOC_STRINGS = NO;
				SWIFT_VERSION = 5.0;
				TARGETED_DEVICE_FAMILY = "1,2";
				TEST_TARGET_NAME = CadenceTest;
			};
			name = Release;
		};
/* End XCBuildConfiguration section */

/* Begin XCConfigurationList section */
		04AF19C72C5A6CEA009BE567 /* Build configuration list for PBXProject "CadenceTest" */ = {
			isa = XCConfigurationList;
			buildConfigurations = (
				04AF19F42C5A6CED009BE567 /* Debug */,
				04AF19F52C5A6CED009BE567 /* Release */,
			);
			defaultConfigurationIsVisible = 0;
			defaultConfigurationName = Release;
		};
		04AF19F62C5A6CED009BE567 /* Build configuration list for PBXNativeTarget "CadenceTest" */ = {
			isa = XCConfigurationList;
			buildConfigurations = (
				04AF19F72C5A6CED009BE567 /* Debug */,
				04AF19F82C5A6CED009BE567 /* Release */,
			);
			defaultConfigurationIsVisible = 0;
			defaultConfigurationName = Release;
		};
		04AF19F92C5A6CED009BE567 /* Build configuration list for PBXNativeTarget "CadenceTestTests" */ = {
			isa = XCConfigurationList;
			buildConfigurations = (
				04AF19FA2C5A6CED009BE567 /* Debug */,
				04AF19FB2C5A6CED009BE567 /* Release */,
			);
			defaultConfigurationIsVisible = 0;
			defaultConfigurationName = Release;
		};
		04AF19FC2C5A6CED009BE567 /* Build configuration list for PBXNativeTarget "CadenceTestUITests" */ = {
			isa = XCConfigurationList;
			buildConfigurations = (
				04AF19FD2C5A6CED009BE567 /* Debug */,
				04AF19FE2C5A6CED009BE567 /* Release */,
			);
			defaultConfigurationIsVisible = 0;
			defaultConfigurationName = Release;
		};
/* End XCConfigurationList section */
	};
	rootObject = 04AF19C42C5A6CEA009BE567 /* Project object */;
}
